
Microsoft Visual Studio Solution File, Format Version 12.00
# Visual Studio Version 17
VisualStudioVersion = 17.10.35122.118
MinimumVisualStudioVersion = 10.0.40219.1
Project("{9A19103F-16F7-4668-BE54-9A1E7A4F7556}") = "TriggerBot", "TriggerBot\TriggerBot.csproj", "{B0E97442-074B-4338-B5D3-26DBA253D507}"
EndProject
Global
	GlobalSection(SolutionConfigurationPlatforms) = preSolution
		Debug|Any CPU = Debug|Any CPU
		Release|Any CPU = Release|Any CPU
	EndGlobalSection
	GlobalSection(ProjectConfigurationPlatforms) = postSolution
		{B0E97442-074B-4338-B5D3-26DBA253D507}.Debug|Any CPU.ActiveCfg = Debug|Any CPU
		{B0E97442-074B-4338-B5D3-26DBA253D507}.Debug|Any CPU.Build.0 = Debug|Any CPU
		{B0E97442-074B-4338-B5D3-26DBA253D507}.Release|Any CPU.ActiveCfg = Release|Any CPU
		{B0E97442-074B-4338-B5D3-26DBA253D507}.Release|Any CPU.Build.0 = Release|Any CPU
	EndGlobalSection
	GlobalSection(SolutionProperties) = preSolution
		HideSolutionNode = FALSE
	EndGlobalSection
	GlobalSection(ExtensibilityGlobals) = postSolution
		SolutionGuid = {756433A8-FC6A-4F61-AA96-CAD6261908C4}
	EndGlobalSection
EndGlobal
